// !$*UTF8*$!
{
	archiveVersion = 1;
	classes = {
	};
	objectVersion = 50;
	objects = {

/* Begin PBXBuildFile section */
		FADF5F98278215FD00C069F8 /* AppDelegate.swift in Sources */ = {isa = PBXBuildFile; fileRef = FADF5F97278215FD00C069F8 /* AppDelegate.swift */; };
		FADF5F9A278215FD00C069F8 /* SceneDelegate.swift in Sources */ = {isa = PBXBuildFile; fileRef = FADF5F99278215FD00C069F8 /* SceneDelegate.swift */; };
		FADF5F9C278215FD00C069F8 /* NewsAPIViewController.swift in Sources */ = {isa = PBXBuildFile; fileRef = FADF5F9B278215FD00C069F8 /* NewsAPIViewController.swift */; };
		FADF5F9F278215FD00C069F8 /* Main.storyboard in Resources */ = {isa = PBXBuildFile; fileRef = FADF5F9D278215FD00C069F8 /* Main.storyboard */; };
		FADF5FA2278215FD00C069F8 /* NewsAPI.xcdatamodeld in Sources */ = {isa = PBXBuildFile; fileRef = FADF5FA0278215FD00C069F8 /* NewsAPI.xcdatamodeld */; };
		FADF5FA42782160200C069F8 /* Assets.xcassets in Resources */ = {isa = PBXBuildFile; fileRef = FADF5FA32782160200C069F8 /* Assets.xcassets */; };
		FADF5FA72782160200C069F8 /* LaunchScreen.storyboard in Resources */ = {isa = PBXBuildFile; fileRef = FADF5FA52782160200C069F8 /* LaunchScreen.storyboard */; };
		FADF5FB227830DD100C069F8 /* NewsAPITableViewCell.swift in Sources */ = {isa = PBXBuildFile; fileRef = FADF5FB027830DD100C069F8 /* NewsAPITableViewCell.swift */; };
		FADF5FB327830DD100C069F8 /* NewsAPITableViewCell.xib in Resources */ = {isa = PBXBuildFile; fileRef = FADF5FB127830DD100C069F8 /* NewsAPITableViewCell.xib */; };
		FADF5FBE27831CEC00C069F8 /* NewsAPIModel.swift in Sources */ = {isa = PBXBuildFile; fileRef = FADF5FBD27831CEC00C069F8 /* NewsAPIModel.swift */; };
		FADF5FC127831D1F00C069F8 /* NewsAPIManager.swift in Sources */ = {isa = PBXBuildFile; fileRef = FADF5FC027831D1F00C069F8 /* NewsAPIManager.swift */; };
		FADF5FC427831DC900C069F8 /* K.swift in Sources */ = {isa = PBXBuildFile; fileRef = FADF5FC327831DC900C069F8 /* K.swift */; };
		FADF5FC7278328E400C069F8 /* SavedNewsTableViewController.swift in Sources */ = {isa = PBXBuildFile; fileRef = FADF5FC6278328E400C069F8 /* SavedNewsTableViewController.swift */; };
/* End PBXBuildFile section */

/* Begin PBXFileReference section */
		FADF5F94278215FC00C069F8 /* NewsAPI.app */ = {isa = PBXFileReference; explicitFileType = wrapper.application; includeInIndex = 0; path = NewsAPI.app; sourceTree = BUILT_PRODUCTS_DIR; };
		FADF5F97278215FD00C069F8 /* AppDelegate.swift */ = {isa = PBXFileReference; lastKnownFileType = sourcecode.swift; path = AppDelegate.swift; sourceTree = "<group>"; };
		FADF5F99278215FD00C069F8 /* SceneDelegate.swift */ = {isa = PBXFileReference; lastKnownFileType = sourcecode.swift; path = SceneDelegate.swift; sourceTree = "<group>"; };
		FADF5F9B278215FD00C069F8 /* NewsAPIViewController.swift */ = {isa = PBXFileReference; lastKnownFileType = sourcecode.swift; path = NewsAPIViewController.swift; sourceTree = "<group>"; };
		FADF5F9E278215FD00C069F8 /* Base */ = {isa = PBXFileReference; lastKnownFileType = file.storyboard; name = Base; path = Base.lproj/Main.storyboard; sourceTree = "<group>"; };
		FADF5FA1278215FD00C069F8 /* NewsAPI.xcdatamodel */ = {isa = PBXFileReference; lastKnownFileType = wrapper.xcdatamodel; path = NewsAPI.xcdatamodel; sourceTree = "<group>"; };
		FADF5FA32782160200C069F8 /* Assets.xcassets */ = {isa = PBXFileReference; lastKnownFileType = folder.assetcatalog; path = Assets.xcassets; sourceTree = "<group>"; };
		FADF5FA62782160200C069F8 /* Base */ = {isa = PBXFileReference; lastKnownFileType = file.storyboard; name = Base; path = Base.lproj/LaunchScreen.storyboard; sourceTree = "<group>"; };
		FADF5FA82782160200C069F8 /* Info.plist */ = {isa = PBXFileReference; lastKnownFileType = text.plist.xml; path = Info.plist; sourceTree = "<group>"; };
		FADF5FB027830DD100C069F8 /* NewsAPITableViewCell.swift */ = {isa = PBXFileReference; lastKnownFileType = sourcecode.swift; path = NewsAPITableViewCell.swift; sourceTree = "<group>"; };
		FADF5FB127830DD100C069F8 /* NewsAPITableViewCell.xib */ = {isa = PBXFileReference; lastKnownFileType = file.xib; path = NewsAPITableViewCell.xib; sourceTree = "<group>"; };
		FADF5FBD27831CEC00C069F8 /* NewsAPIModel.swift */ = {isa = PBXFileReference; lastKnownFileType = sourcecode.swift; path = NewsAPIModel.swift; sourceTree = "<group>"; };
		FADF5FC027831D1F00C069F8 /* NewsAPIManager.swift */ = {isa = PBXFileReference; lastKnownFileType = sourcecode.swift; path = NewsAPIManager.swift; sourceTree = "<group>"; };
		FADF5FC327831DC900C069F8 /* K.swift */ = {isa = PBXFileReference; lastKnownFileType = sourcecode.swift; path = K.swift; sourceTree = "<group>"; };
		FADF5FC6278328E400C069F8 /* SavedNewsTableViewController.swift */ = {isa = PBXFileReference; lastKnownFileType = sourcecode.swift; path = SavedNewsTableViewController.swift; sourceTree = "<group>"; };
/* End PBXFileReference section */

/* Begin PBXFrameworksBuildPhase section */
		FADF5F91278215FC00C069F8 /* Frameworks */ = {
			isa = PBXFrameworksBuildPhase;
			buildActionMask = 2147483647;
			files = (
			);
			runOnlyForDeploymentPostprocessing = 0;
		};
/* End PBXFrameworksBuildPhase section */

/* Begin PBXGroup section */
		FADF5F8B278215FC00C069F8 = {
			isa = PBXGroup;
			children = (
				FADF5F96278215FD00C069F8 /* NewsAPI */,
				FADF5F95278215FC00C069F8 /* Products */,
			);
			sourceTree = "<group>";
		};
		FADF5F95278215FC00C069F8 /* Products */ = {
			isa = PBXGroup;
			children = (
				FADF5F94278215FC00C069F8 /* NewsAPI.app */,
			);
			name = Products;
			sourceTree = "<group>";
		};
		FADF5F96278215FD00C069F8 /* NewsAPI */ = {
			isa = PBXGroup;
			children = (
				FADF5F97278215FD00C069F8 /* AppDelegate.swift */,
				FADF5F99278215FD00C069F8 /* SceneDelegate.swift */,
				FADF5FBC27831C9E00C069F8 /* Model */,
				FADF5FB727831C5800C069F8 /* View */,
				FADF5FB627831C4600C069F8 /* Controller */,
				FADF5FA32782160200C069F8 /* Assets.xcassets */,
				FADF5FA52782160200C069F8 /* LaunchScreen.storyboard */,
				FADF5FA82782160200C069F8 /* Info.plist */,
				FADF5FA0278215FD00C069F8 /* NewsAPI.xcdatamodeld */,
			);
			path = NewsAPI;
			sourceTree = "<group>";
		};
		FADF5FB627831C4600C069F8 /* Controller */ = {
			isa = PBXGroup;
			children = (
				FADF5F9B278215FD00C069F8 /* NewsAPIViewController.swift */,
				FADF5FB027830DD100C069F8 /* NewsAPITableViewCell.swift */,
				FADF5FC6278328E400C069F8 /* SavedNewsTableViewController.swift */,
			);
			path = Controller;
			sourceTree = "<group>";
		};
		FADF5FB727831C5800C069F8 /* View */ = {
			isa = PBXGroup;
			children = (
				FADF5FB127830DD100C069F8 /* NewsAPITableViewCell.xib */,
				FADF5F9D278215FD00C069F8 /* Main.storyboard */,
			);
			path = View;
			sourceTree = "<group>";
		};
		FADF5FBC27831C9E00C069F8 /* Model */ = {
			isa = PBXGroup;
			children = (
				FADF5FBD27831CEC00C069F8 /* NewsAPIModel.swift */,
				FADF5FC027831D1F00C069F8 /* NewsAPIManager.swift */,
				FADF5FC327831DC900C069F8 /* K.swift */,
			);
			path = Model;
			sourceTree = "<group>";
		};
/* End PBXGroup section */

/* Begin PBXNativeTarget section */
		FADF5F93278215FC00C069F8 /* NewsAPI */ = {
			isa = PBXNativeTarget;
			buildConfigurationList = FADF5FAB2782160200C069F8 /* Build configuration list for PBXNativeTarget "NewsAPI" */;
			buildPhases = (
				FADF5F90278215FC00C069F8 /* Sources */,
				FADF5F91278215FC00C069F8 /* Frameworks */,
				FADF5F92278215FC00C069F8 /* Resources */,
			);
			buildRules = (
			);
			dependencies = (
			);
			name = NewsAPI;
			productName = NewsAPI;
			productReference = FADF5F94278215FC00C069F8 /* NewsAPI.app */;
			productType = "com.apple.product-type.application";
		};
/* End PBXNativeTarget section */

/* Begin PBXProject section */
		FADF5F8C278215FC00C069F8 /* Project object */ = {
			isa = PBXProject;
			attributes = {
				LastSwiftUpdateCheck = 1240;
				LastUpgradeCheck = 1240;
				TargetAttributes = {
					FADF5F93278215FC00C069F8 = {
						CreatedOnToolsVersion = 12.4;
					};
				};
			};
			buildConfigurationList = FADF5F8F278215FC00C069F8 /* Build configuration list for PBXProject "NewsAPI" */;
			compatibilityVersion = "Xcode 9.3";
			developmentRegion = en;
			hasScannedForEncodings = 0;
			knownRegions = (
				en,
				Base,
			);
			mainGroup = FADF5F8B278215FC00C069F8;
			productRefGroup = FADF5F95278215FC00C069F8 /* Products */;
			projectDirPath = "";
			projectRoot = "";
			targets = (
				FADF5F93278215FC00C069F8 /* NewsAPI */,
			);
		};
/* End PBXProject section */

/* Begin PBXResourcesBuildPhase section */
		FADF5F92278215FC00C069F8 /* Resources */ = {
			isa = PBXResourcesBuildPhase;
			buildActionMask = 2147483647;
			files = (
				FADF5FA72782160200C069F8 /* LaunchScreen.storyboard in Resources */,
				FADF5FA42782160200C069F8 /* Assets.xcassets in Resources */,
				FADF5F9F278215FD00C069F8 /* Main.storyboard in Resources */,
				FADF5FB327830DD100C069F8 /* NewsAPITableViewCell.xib in Resources */,
			);
			runOnlyForDeploymentPostprocessing = 0;
		};
/* End PBXResourcesBuildPhase section */

/* Begin PBXSourcesBuildPhase section */
		FADF5F90278215FC00C069F8 /* Sources */ = {
			isa = PBXSourcesBuildPhase;
			buildActionMask = 2147483647;
			files = (
				FADF5FC427831DC900C069F8 /* K.swift in Sources */,
				FADF5F9C278215FD00C069F8 /* NewsAPIViewController.swift in Sources */,
				FADF5FC127831D1F00C069F8 /* NewsAPIManager.swift in Sources */,
				FADF5FC7278328E400C069F8 /* SavedNewsTableViewController.swift in Sources */,
				FADF5F98278215FD00C069F8 /* AppDelegate.swift in Sources */,
				FADF5F9A278215FD00C069F8 /* SceneDelegate.swift in Sources */,
				FADF5FBE27831CEC00C069F8 /* NewsAPIModel.swift in Sources */,
				FADF5FA2278215FD00C069F8 /* NewsAPI.xcdatamodeld in Sources */,
				FADF5FB227830DD100C069F8 /* NewsAPITableViewCell.swift in Sources */,
			);
			runOnlyForDeploymentPostprocessing = 0;
		};
/* End PBXSourcesBuildPhase section */

/* Begin PBXVariantGroup section */
		FADF5F9D278215FD00C069F8 /* Main.storyboard */ = {
			isa = PBXVariantGroup;
			children = (
				FADF5F9E278215FD00C069F8 /* Base */,
			);
			name = Main.storyboard;
			sourceTree = "<group>";
		};
		FADF5FA52782160200C069F8 /* LaunchScreen.storyboard */ = {
			isa = PBXVariantGroup;
			children = (
				FADF5FA62782160200C069F8 /* Base */,
			);
			name = LaunchScreen.storyboard;
			sourceTree = "<group>";
		};
/* End PBXVariantGroup section */

/* Begin XCBuildConfiguration section */
		FADF5FA92782160200C069F8 /* Debug */ = {
			isa = XCBuildConfiguration;
			buildSettings = {
				ALWAYS_SEARCH_USER_PATHS = NO;
				CLANG_ANALYZER_NONNULL = YES;
				CLANG_ANALYZER_NUMBER_OBJECT_CONVERSION = YES_AGGRESSIVE;
				CLANG_CXX_LANGUAGE_STANDARD = "gnu++14";
				CLANG_CXX_LIBRARY = "libc++";
				CLANG_ENABLE_MODULES = YES;
				CLANG_ENABLE_OBJC_ARC = YES;
				CLANG_ENABLE_OBJC_WEAK = YES;
				CLANG_WARN_BLOCK_CAPTURE_AUTORELEASING = YES;
				CLANG_WARN_BOOL_CONVERSION = YES;
				CLANG_WARN_COMMA = YES;
				CLANG_WARN_CONSTANT_CONVERSION = YES;
				CLANG_WARN_DEPRECATED_OBJC_IMPLEMENTATIONS = YES;
				CLANG_WARN_DIRECT_OBJC_ISA_USAGE = YES_ERROR;
				CLANG_WARN_DOCUMENTATION_COMMENTS = YES;
				CLANG_WARN_EMPTY_BODY = YES;
				CLANG_WARN_ENUM_CONVERSION = YES;
				CLANG_WARN_INFINITE_RECURSION = YES;
				CLANG_WARN_INT_CONVERSION = YES;
				CLANG_WARN_NON_LITERAL_NULL_CONVERSION = YES;
				CLANG_WARN_OBJC_IMPLICIT_RETAIN_SELF = YES;
				CLANG_WARN_OBJC_LITERAL_CONVERSION = YES;
				CLANG_WARN_OBJC_ROOT_CLASS = YES_ERROR;
				CLANG_WARN_QUOTED_INCLUDE_IN_FRAMEWORK_HEADER = YES;
				CLANG_WARN_RANGE_LOOP_ANALYSIS = YES;
				CLANG_WARN_STRICT_PROTOTYPES = YES;
				CLANG_WARN_SUSPICIOUS_MOVE = YES;
				CLANG_WARN_UNGUARDED_AVAILABILITY = YES_AGGRESSIVE;
				CLANG_WARN_UNREACHABLE_CODE = YES;
				CLANG_WARN__DUPLICATE_METHOD_MATCH = YES;
				COPY_PHASE_STRIP = NO;
				DEBUG_INFORMATION_FORMAT = dwarf;
				ENABLE_STRICT_OBJC_MSGSEND = YES;
				ENABLE_TESTABILITY = YES;
				GCC_C_LANGUAGE_STANDARD = gnu11;
				GCC_DYNAMIC_NO_PIC = NO;
				GCC_NO_COMMON_BLOCKS = YES;
				GCC_OPTIMIZATION_LEVEL = 0;
				GCC_PREPROCESSOR_DEFINITIONS = (
					"DEBUG=1",
					"$(inherited)",
				);
				GCC_WARN_64_TO_32_BIT_CONVERSION = YES;
				GCC_WARN_ABOUT_RETURN_TYPE = YES_ERROR;
				GCC_WARN_UNDECLARED_SELECTOR = YES;
				GCC_WARN_UNINITIALIZED_AUTOS = YES_AGGRESSIVE;
				GCC_WARN_UNUSED_FUNCTION = YES;
				GCC_WARN_UNUSED_VARIABLE = YES;
				IPHONEOS_DEPLOYMENT_TARGET = 14.4;
				MTL_ENABLE_DEBUG_INFO = INCLUDE_SOURCE;
				MTL_FAST_MATH = YES;
				ONLY_ACTIVE_ARCH = YES;
				SDKROOT = iphoneos;
				SWIFT_ACTIVE_COMPILATION_CONDITIONS = DEBUG;
				SWIFT_OPTIMIZATION_LEVEL = "-Onone";
			};
			name = Debug;
		};
		FADF5FAA2782160200C069F8 /* Release */ = {
			isa = XCBuildConfiguration;
			buildSettings = {
				ALWAYS_SEARCH_USER_PATHS = NO;
				CLANG_ANALYZER_NONNULL = YES;
				CLANG_ANALYZER_NUMBER_OBJECT_CONVERSION = YES_AGGRESSIVE;
				CLANG_CXX_LANGUAGE_STANDARD = "gnu++14";
				CLANG_CXX_LIBRARY = "libc++";
				CLANG_ENABLE_MODULES = YES;
				CLANG_ENABLE_OBJC_ARC = YES;
				CLANG_ENABLE_OBJC_WEAK = YES;
				CLANG_WARN_BLOCK_CAPTURE_AUTORELEASING = YES;
				CLANG_WARN_BOOL_CONVERSION = YES;
				CLANG_WARN_COMMA = YES;
				CLANG_WARN_CONSTANT_CONVERSION = YES;
				CLANG_WARN_DEPRECATED_OBJC_IMPLEMENTATIONS = YES;
				CLANG_WARN_DIRECT_OBJC_ISA_USAGE = YES_ERROR;
				CLANG_WARN_DOCUMENTATION_COMMENTS = YES;
				CLANG_WARN_EMPTY_BODY = YES;
				CLANG_WARN_ENUM_CONVERSION = YES;
				CLANG_WARN_INFINITE_RECURSION = YES;
				CLANG_WARN_INT_CONVERSION = YES;
				CLANG_WARN_NON_LITERAL_NULL_CONVERSION = YES;
				CLANG_WARN_OBJC_IMPLICIT_RETAIN_SELF = YES;
				CLANG_WARN_OBJC_LITERAL_CONVERSION = YES;
				CLANG_WARN_OBJC_ROOT_CLASS = YES_ERROR;
				CLANG_WARN_QUOTED_INCLUDE_IN_FRAMEWORK_HEADER = YES;
				CLANG_WARN_RANGE_LOOP_ANALYSIS = YES;
				CLANG_WARN_STRICT_PROTOTYPES = YES;
				CLANG_WARN_SUSPICIOUS_MOVE = YES;
				CLANG_WARN_UNGUARDED_AVAILABILITY = YES_AGGRESSIVE;
				CLANG_WARN_UNREACHABLE_CODE = YES;
				CLANG_WARN__DUPLICATE_METHOD_MATCH = YES;
				COPY_PHASE_STRIP = NO;
				DEBUG_INFORMATION_FORMAT = "dwarf-with-dsym";
				ENABLE_NS_ASSERTIONS = NO;
				ENABLE_STRICT_OBJC_MSGSEND = YES;
				GCC_C_LANGUAGE_STANDARD = gnu11;
				GCC_NO_COMMON_BLOCKS = YES;
				GCC_WARN_64_TO_32_BIT_CONVERSION = YES;
				GCC_WARN_ABOUT_RETURN_TYPE = YES_ERROR;
				GCC_WARN_UNDECLARED_SELECTOR = YES;
				GCC_WARN_UNINITIALIZED_AUTOS = YES_AGGRESSIVE;
				GCC_WARN_UNUSED_FUNCTION = YES;
				GCC_WARN_UNUSED_VARIABLE = YES;
				IPHONEOS_DEPLOYMENT_TARGET = 14.4;
				MTL_ENABLE_DEBUG_INFO = NO;
				MTL_FAST_MATH = YES;
				SDKROOT = iphoneos;
				SWIFT_COMPILATION_MODE = wholemodule;
				SWIFT_OPTIMIZATION_LEVEL = "-O";
				VALIDATE_PRODUCT = YES;
			};
			name = Release;
		};
		FADF5FAC2782160200C069F8 /* Debug */ = {
			isa = XCBuildConfiguration;
			buildSettings = {
				ASSETCATALOG_COMPILER_APPICON_NAME = AppIcon;
				ASSETCATALOG_COMPILER_GLOBAL_ACCENT_COLOR_NAME = AccentColor;
				CODE_SIGN_STYLE = Automatic;
				DEVELOPMENT_TEAM = K33FXWL25N;
				INFOPLIST_FILE = NewsAPI/Info.plist;
				LD_RUNPATH_SEARCH_PATHS = (
					"$(inherited)",
					"@executable_path/Frameworks",
				);
				PRODUCT_BUNDLE_IDENTIFIER = co.AOS.NewsAPI;
				PRODUCT_NAME = "$(TARGET_NAME)";
				SWIFT_VERSION = 5.0;
				TARGETED_DEVICE_FAMILY = "1,2";
			};
			name = Debug;
		};
		FADF5FAD2782160200C069F8 /* Release */ = {
			isa = XCBuildConfiguration;
			buildSettings = {
				ASSETCATALOG_COMPILER_APPICON_NAME = AppIcon;
				ASSETCATALOG_COMPILER_GLOBAL_ACCENT_COLOR_NAME = AccentColor;
				CODE_SIGN_STYLE = Automatic;
				DEVELOPMENT_TEAM = K33FXWL25N;
				INFOPLIST_FILE = NewsAPI/Info.plist;
				LD_RUNPATH_SEARCH_PATHS = (
					"$(inherited)",
					"@executable_path/Frameworks",
				);
				PRODUCT_BUNDLE_IDENTIFIER = co.AOS.NewsAPI;
				PRODUCT_NAME = "$(TARGET_NAME)";
				SWIFT_VERSION = 5.0;
				TARGETED_DEVICE_FAMILY = "1,2";
			};
			name = Release;
		};
/* End XCBuildConfiguration section */

/* Begin XCConfigurationList section */
		FADF5F8F278215FC00C069F8 /* Build configuration list for PBXProject "NewsAPI" */ = {
			isa = XCConfigurationList;
			buildConfigurations = (
				FADF5FA92782160200C069F8 /* Debug */,
				FADF5FAA2782160200C069F8 /* Release */,
			);
			defaultConfigurationIsVisible = 0;
			defaultConfigurationName = Release;
		};
		FADF5FAB2782160200C069F8 /* Build configuration list for PBXNativeTarget "NewsAPI" */ = {
			isa = XCConfigurationList;
			buildConfigurations = (
				FADF5FAC2782160200C069F8 /* Debug */,
				FADF5FAD2782160200C069F8 /* Release */,
			);
			defaultConfigurationIsVisible = 0;
			defaultConfigurationName = Release;
		};
/* End XCConfigurationList section */

/* Begin XCVersionGroup section */
		FADF5FA0278215FD00C069F8 /* NewsAPI.xcdatamodeld */ = {
			isa = XCVersionGroup;
			children = (
				FADF5FA1278215FD00C069F8 /* NewsAPI.xcdatamodel */,
			);
			currentVersion = FADF5FA1278215FD00C069F8 /* NewsAPI.xcdatamodel */;
			path = NewsAPI.xcdatamodeld;
			sourceTree = "<group>";
			versionGroupType = wrapper.xcdatamodel;
		};
/* End XCVersionGroup section */
	};
	rootObject = FADF5F8C278215FC00C069F8 /* Project object */;
}
